
Microsoft Visual Studio Solution File, Format Version 12.00
# Visual Studio 15
VisualStudioVersion = 15.0.26730.8
MinimumVisualStudioVersion = 10.0.40219.1
Project("{FAE04EC0-301F-11D3-BF4B-00C04F79EFBC}") = "MeditechStaffing.Portal", "MeditechStaffing.Portal\MeditechStaffing.Portal.csproj", "{044ED882-82A3-4415-8CAA-8AFF1B69B485}"
EndProject
Project("{FAE04EC0-301F-11D3-BF4B-00C04F79EFBC}") = "MeditechStaffing.Portal.Tests", "MeditechStaffing.Portal.Tests\MeditechStaffing.Portal.Tests.csproj", "{04BC43EB-5139-48D1-A57D-34A54D30F1CB}"
EndProject
Global
	GlobalSection(SolutionConfigurationPlatforms) = preSolution
		Debug|Any CPU = Debug|Any CPU
		Release|Any CPU = Release|Any CPU
	EndGlobalSection
	GlobalSection(ProjectConfigurationPlatforms) = postSolution
		{044ED882-82A3-4415-8CAA-8AFF1B69B485}.Debug|Any CPU.ActiveCfg = Debug|Any CPU
		{044ED882-82A3-4415-8CAA-8AFF1B69B485}.Debug|Any CPU.Build.0 = Debug|Any CPU
		{044ED882-82A3-4415-8CAA-8AFF1B69B485}.Release|Any CPU.ActiveCfg = Release|Any CPU
		{044ED882-82A3-4415-8CAA-8AFF1B69B485}.Release|Any CPU.Build.0 = Release|Any CPU
		{04BC43EB-5139-48D1-A57D-34A54D30F1CB}.Debug|Any CPU.ActiveCfg = Debug|Any CPU
		{04BC43EB-5139-48D1-A57D-34A54D30F1CB}.Debug|Any CPU.Build.0 = Debug|Any CPU
		{04BC43EB-5139-48D1-A57D-34A54D30F1CB}.Release|Any CPU.ActiveCfg = Release|Any CPU
		{04BC43EB-5139-48D1-A57D-34A54D30F1CB}.Release|Any CPU.Build.0 = Release|Any CPU
	EndGlobalSection
	GlobalSection(SolutionProperties) = preSolution
		HideSolutionNode = FALSE
	EndGlobalSection
	GlobalSection(ExtensibilityGlobals) = postSolution
		SolutionGuid = {51BE073E-B069-400F-B19B-EBA92E68E54A}
	EndGlobalSection
EndGlobal
